// !$*UTF8*$!
{
	archiveVersion = 1;
	classes = {
	};
	objectVersion = 50;
	objects = {

/* Begin PBXBuildFile section */
		02E4403A26E68FD70051B4B5 /* ECommerceApp.swift in Sources */ = {isa = PBXBuildFile; fileRef = 02E4403926E68FD70051B4B5 /* ECommerceApp.swift */; };
		02E4403C26E68FD70051B4B5 /* ContentView.swift in Sources */ = {isa = PBXBuildFile; fileRef = 02E4403B26E68FD70051B4B5 /* ContentView.swift */; };
		02E4403E26E68FDD0051B4B5 /* Assets.xcassets in Resources */ = {isa = PBXBuildFile; fileRef = 02E4403D26E68FDD0051B4B5 /* Assets.xcassets */; };
		02E4404126E68FDD0051B4B5 /* Preview Assets.xcassets in Resources */ = {isa = PBXBuildFile; fileRef = 02E4404026E68FDD0051B4B5 /* Preview Assets.xcassets */; };
		02E4404B26E6901F0051B4B5 /* ProductListView.swift in Sources */ = {isa = PBXBuildFile; fileRef = 02E4404A26E6901F0051B4B5 /* ProductListView.swift */; };
		02E4404D26E690340051B4B5 /* ProductView.swift in Sources */ = {isa = PBXBuildFile; fileRef = 02E4404C26E690340051B4B5 /* ProductView.swift */; };
		02E4405526E691600051B4B5 /* icons8-fabric-sample-30.png in Resources */ = {isa = PBXBuildFile; fileRef = 02E4405026E691600051B4B5 /* icons8-fabric-sample-30.png */; };
		02E4405726E691600051B4B5 /* icons8-blood-sample-30.png in Resources */ = {isa = PBXBuildFile; fileRef = 02E4405226E691600051B4B5 /* icons8-blood-sample-30.png */; };
		02E4405826E691600051B4B5 /* icons8-new-product-16.png in Resources */ = {isa = PBXBuildFile; fileRef = 02E4405326E691600051B4B5 /* icons8-new-product-16.png */; };
		02E4405926E691600051B4B5 /* icons8-product-documents-24.png in Resources */ = {isa = PBXBuildFile; fileRef = 02E4405426E691600051B4B5 /* icons8-product-documents-24.png */; };
		02E4405C26E693910051B4B5 /* ProductManager.swift in Sources */ = {isa = PBXBuildFile; fileRef = 02E4405B26E693910051B4B5 /* ProductManager.swift */; };
		02E4405E26E693CA0051B4B5 /* Product.swift in Sources */ = {isa = PBXBuildFile; fileRef = 02E4405D26E693CA0051B4B5 /* Product.swift */; };
		02E4406A26E6AFE80051B4B5 /* UserView.swift in Sources */ = {isa = PBXBuildFile; fileRef = 02E4406926E6AFE80051B4B5 /* UserView.swift */; };
		02E4406C26E6B1E00051B4B5 /* User.swift in Sources */ = {isa = PBXBuildFile; fileRef = 02E4406B26E6B1E00051B4B5 /* User.swift */; };
		02E4407326E6D3320051B4B5 /* CartView.swift in Sources */ = {isa = PBXBuildFile; fileRef = 02E4407226E6D3320051B4B5 /* CartView.swift */; };
		02E4407526E6D3D80051B4B5 /* CartManager.swift in Sources */ = {isa = PBXBuildFile; fileRef = 02E4407426E6D3D80051B4B5 /* CartManager.swift */; };
		02E4407726E6D7350051B4B5 /* Network.swift in Sources */ = {isa = PBXBuildFile; fileRef = 02E4407626E6D7350051B4B5 /* Network.swift */; };
/* End PBXBuildFile section */

/* Begin PBXFileReference section */
		02E4403626E68FD70051B4B5 /* ECommerce.app */ = {isa = PBXFileReference; explicitFileType = wrapper.application; includeInIndex = 0; path = ECommerce.app; sourceTree = BUILT_PRODUCTS_DIR; };
		02E4403926E68FD70051B4B5 /* ECommerceApp.swift */ = {isa = PBXFileReference; lastKnownFileType = sourcecode.swift; path = ECommerceApp.swift; sourceTree = "<group>"; };
		02E4403B26E68FD70051B4B5 /* ContentView.swift */ = {isa = PBXFileReference; lastKnownFileType = sourcecode.swift; path = ContentView.swift; sourceTree = "<group>"; };
		02E4403D26E68FDD0051B4B5 /* Assets.xcassets */ = {isa = PBXFileReference; lastKnownFileType = folder.assetcatalog; path = Assets.xcassets; sourceTree = "<group>"; };
		02E4404026E68FDD0051B4B5 /* Preview Assets.xcassets */ = {isa = PBXFileReference; lastKnownFileType = folder.assetcatalog; path = "Preview Assets.xcassets"; sourceTree = "<group>"; };
		02E4404226E68FDD0051B4B5 /* Info.plist */ = {isa = PBXFileReference; lastKnownFileType = text.plist.xml; path = Info.plist; sourceTree = "<group>"; };
		02E4404A26E6901F0051B4B5 /* ProductListView.swift */ = {isa = PBXFileReference; lastKnownFileType = sourcecode.swift; path = ProductListView.swift; sourceTree = "<group>"; };
		02E4404C26E690340051B4B5 /* ProductView.swift */ = {isa = PBXFileReference; lastKnownFileType = sourcecode.swift; path = ProductView.swift; sourceTree = "<group>"; };
		02E4405026E691600051B4B5 /* icons8-fabric-sample-30.png */ = {isa = PBXFileReference; lastKnownFileType = image.png; path = "icons8-fabric-sample-30.png"; sourceTree = "<group>"; };
		02E4405226E691600051B4B5 /* icons8-blood-sample-30.png */ = {isa = PBXFileReference; lastKnownFileType = image.png; path = "icons8-blood-sample-30.png"; sourceTree = "<group>"; };
		02E4405326E691600051B4B5 /* icons8-new-product-16.png */ = {isa = PBXFileReference; lastKnownFileType = image.png; path = "icons8-new-product-16.png"; sourceTree = "<group>"; };
		02E4405426E691600051B4B5 /* icons8-product-documents-24.png */ = {isa = PBXFileReference; lastKnownFileType = image.png; path = "icons8-product-documents-24.png"; sourceTree = "<group>"; };
		02E4405B26E693910051B4B5 /* ProductManager.swift */ = {isa = PBXFileReference; lastKnownFileType = sourcecode.swift; path = ProductManager.swift; sourceTree = "<group>"; };
		02E4405D26E693CA0051B4B5 /* Product.swift */ = {isa = PBXFileReference; lastKnownFileType = sourcecode.swift; path = Product.swift; sourceTree = "<group>"; };
		02E4406926E6AFE80051B4B5 /* UserView.swift */ = {isa = PBXFileReference; lastKnownFileType = sourcecode.swift; path = UserView.swift; sourceTree = "<group>"; };
		02E4406B26E6B1E00051B4B5 /* User.swift */ = {isa = PBXFileReference; lastKnownFileType = sourcecode.swift; path = User.swift; sourceTree = "<group>"; };
		02E4407226E6D3320051B4B5 /* CartView.swift */ = {isa = PBXFileReference; lastKnownFileType = sourcecode.swift; path = CartView.swift; sourceTree = "<group>"; };
		02E4407426E6D3D80051B4B5 /* CartManager.swift */ = {isa = PBXFileReference; lastKnownFileType = sourcecode.swift; path = CartManager.swift; sourceTree = "<group>"; };
		02E4407626E6D7350051B4B5 /* Network.swift */ = {isa = PBXFileReference; lastKnownFileType = sourcecode.swift; path = Network.swift; sourceTree = "<group>"; };
/* End PBXFileReference section */

/* Begin PBXFrameworksBuildPhase section */
		02E4403326E68FD70051B4B5 /* Frameworks */ = {
			isa = PBXFrameworksBuildPhase;
			buildActionMask = 2147483647;
			files = (
			);
			runOnlyForDeploymentPostprocessing = 0;
		};
/* End PBXFrameworksBuildPhase section */

/* Begin PBXGroup section */
		02E4402D26E68FD70051B4B5 = {
			isa = PBXGroup;
			children = (
				02E4403826E68FD70051B4B5 /* ECommerce */,
				02E4403726E68FD70051B4B5 /* Products */,
			);
			sourceTree = "<group>";
		};
		02E4403726E68FD70051B4B5 /* Products */ = {
			isa = PBXGroup;
			children = (
				02E4403626E68FD70051B4B5 /* ECommerce.app */,
			);
			name = Products;
			sourceTree = "<group>";
		};
		02E4403826E68FD70051B4B5 /* ECommerce */ = {
			isa = PBXGroup;
			children = (
				02E4406F26E6D3140051B4B5 /* Cart */,
				02E4404926E68FFF0051B4B5 /* User */,
				02E4404826E68FF60051B4B5 /* Products */,
				02E4403926E68FD70051B4B5 /* ECommerceApp.swift */,
				02E4403B26E68FD70051B4B5 /* ContentView.swift */,
				02E4403D26E68FDD0051B4B5 /* Assets.xcassets */,
				02E4404226E68FDD0051B4B5 /* Info.plist */,
				02E4403F26E68FDD0051B4B5 /* Preview Content */,
			);
			path = ECommerce;
			sourceTree = "<group>";
		};
		02E4403F26E68FDD0051B4B5 /* Preview Content */ = {
			isa = PBXGroup;
			children = (
				02E4404026E68FDD0051B4B5 /* Preview Assets.xcassets */,
			);
			path = "Preview Content";
			sourceTree = "<group>";
		};
		02E4404826E68FF60051B4B5 /* Products */ = {
			isa = PBXGroup;
			children = (
				02E4406226E69A600051B4B5 /* Views */,
				02E4405F26E698990051B4B5 /* Models */,
				02E4405A26E6921D0051B4B5 /* Images */,
				02E4405B26E693910051B4B5 /* ProductManager.swift */,
				02E4407626E6D7350051B4B5 /* Network.swift */,
			);
			path = Products;
			sourceTree = "<group>";
		};
		02E4404926E68FFF0051B4B5 /* User */ = {
			isa = PBXGroup;
			children = (
				02E4406826E6AFD80051B4B5 /* Views */,
				02E4406726E6AFD00051B4B5 /* Models */,
			);
			path = User;
			sourceTree = "<group>";
		};
		02E4405A26E6921D0051B4B5 /* Images */ = {
			isa = PBXGroup;
			children = (
				02E4405226E691600051B4B5 /* icons8-blood-sample-30.png */,
				02E4405026E691600051B4B5 /* icons8-fabric-sample-30.png */,
				02E4405326E691600051B4B5 /* icons8-new-product-16.png */,
				02E4405426E691600051B4B5 /* icons8-product-documents-24.png */,
			);
			path = Images;
			sourceTree = "<group>";
		};
		02E4405F26E698990051B4B5 /* Models */ = {
			isa = PBXGroup;
			children = (
				02E4405D26E693CA0051B4B5 /* Product.swift */,
			);
			path = Models;
			sourceTree = "<group>";
		};
		02E4406226E69A600051B4B5 /* Views */ = {
			isa = PBXGroup;
			children = (
				02E4404A26E6901F0051B4B5 /* ProductListView.swift */,
				02E4404C26E690340051B4B5 /* ProductView.swift */,
			);
			path = Views;
			sourceTree = "<group>";
		};
		02E4406726E6AFD00051B4B5 /* Models */ = {
			isa = PBXGroup;
			children = (
				02E4406B26E6B1E00051B4B5 /* User.swift */,
			);
			path = Models;
			sourceTree = "<group>";
		};
		02E4406826E6AFD80051B4B5 /* Views */ = {
			isa = PBXGroup;
			children = (
				02E4406926E6AFE80051B4B5 /* UserView.swift */,
			);
			path = Views;
			sourceTree = "<group>";
		};
		02E4406F26E6D3140051B4B5 /* Cart */ = {
			isa = PBXGroup;
			children = (
				02E4407126E6D31D0051B4B5 /* Views */,
				02E4407426E6D3D80051B4B5 /* CartManager.swift */,
			);
			path = Cart;
			sourceTree = "<group>";
		};
		02E4407126E6D31D0051B4B5 /* Views */ = {
			isa = PBXGroup;
			children = (
				02E4407226E6D3320051B4B5 /* CartView.swift */,
			);
			path = Views;
			sourceTree = "<group>";
		};
/* End PBXGroup section */

/* Begin PBXNativeTarget section */
		02E4403526E68FD70051B4B5 /* ECommerce */ = {
			isa = PBXNativeTarget;
			buildConfigurationList = 02E4404526E68FDD0051B4B5 /* Build configuration list for PBXNativeTarget "ECommerce" */;
			buildPhases = (
				02E4403226E68FD70051B4B5 /* Sources */,
				02E4403326E68FD70051B4B5 /* Frameworks */,
				02E4403426E68FD70051B4B5 /* Resources */,
			);
			buildRules = (
			);
			dependencies = (
			);
			name = ECommerce;
			productName = ECommerce;
			productReference = 02E4403626E68FD70051B4B5 /* ECommerce.app */;
			productType = "com.apple.product-type.application";
		};
/* End PBXNativeTarget section */

/* Begin PBXProject section */
		02E4402E26E68FD70051B4B5 /* Project object */ = {
			isa = PBXProject;
			attributes = {
				LastSwiftUpdateCheck = 1250;
				LastUpgradeCheck = 1250;
				TargetAttributes = {
					02E4403526E68FD70051B4B5 = {
						CreatedOnToolsVersion = 12.5.1;
					};
				};
			};
			buildConfigurationList = 02E4403126E68FD70051B4B5 /* Build configuration list for PBXProject "ECommerce" */;
			compatibilityVersion = "Xcode 9.3";
			developmentRegion = en;
			hasScannedForEncodings = 0;
			knownRegions = (
				en,
				Base,
			);
			mainGroup = 02E4402D26E68FD70051B4B5;
			productRefGroup = 02E4403726E68FD70051B4B5 /* Products */;
			projectDirPath = "";
			projectRoot = "";
			targets = (
				02E4403526E68FD70051B4B5 /* ECommerce */,
			);
		};
/* End PBXProject section */

/* Begin PBXResourcesBuildPhase section */
		02E4403426E68FD70051B4B5 /* Resources */ = {
			isa = PBXResourcesBuildPhase;
			buildActionMask = 2147483647;
			files = (
				02E4405926E691600051B4B5 /* icons8-product-documents-24.png in Resources */,
				02E4404126E68FDD0051B4B5 /* Preview Assets.xcassets in Resources */,
				02E4405726E691600051B4B5 /* icons8-blood-sample-30.png in Resources */,
				02E4403E26E68FDD0051B4B5 /* Assets.xcassets in Resources */,
				02E4405526E691600051B4B5 /* icons8-fabric-sample-30.png in Resources */,
				02E4405826E691600051B4B5 /* icons8-new-product-16.png in Resources */,
			);
			runOnlyForDeploymentPostprocessing = 0;
		};
/* End PBXResourcesBuildPhase section */

/* Begin PBXSourcesBuildPhase section */
		02E4403226E68FD70051B4B5 /* Sources */ = {
			isa = PBXSourcesBuildPhase;
			buildActionMask = 2147483647;
			files = (
				02E4407326E6D3320051B4B5 /* CartView.swift in Sources */,
				02E4404D26E690340051B4B5 /* ProductView.swift in Sources */,
				02E4405C26E693910051B4B5 /* ProductManager.swift in Sources */,
				02E4404B26E6901F0051B4B5 /* ProductListView.swift in Sources */,
				02E4403C26E68FD70051B4B5 /* ContentView.swift in Sources */,
				02E4407726E6D7350051B4B5 /* Network.swift in Sources */,
				02E4407526E6D3D80051B4B5 /* CartManager.swift in Sources */,
				02E4406C26E6B1E00051B4B5 /* User.swift in Sources */,
				02E4403A26E68FD70051B4B5 /* ECommerceApp.swift in Sources */,
				02E4405E26E693CA0051B4B5 /* Product.swift in Sources */,
				02E4406A26E6AFE80051B4B5 /* UserView.swift in Sources */,
			);
			runOnlyForDeploymentPostprocessing = 0;
		};
/* End PBXSourcesBuildPhase section */

/* Begin XCBuildConfiguration section */
		02E4404326E68FDD0051B4B5 /* Debug */ = {
			isa = XCBuildConfiguration;
			buildSettings = {
				ALWAYS_SEARCH_USER_PATHS = NO;
				CLANG_ANALYZER_NONNULL = YES;
				CLANG_ANALYZER_NUMBER_OBJECT_CONVERSION = YES_AGGRESSIVE;
				CLANG_CXX_LANGUAGE_STANDARD = "gnu++14";
				CLANG_CXX_LIBRARY = "libc++";
				CLANG_ENABLE_MODULES = YES;
				CLANG_ENABLE_OBJC_ARC = YES;
				CLANG_ENABLE_OBJC_WEAK = YES;
				CLANG_WARN_BLOCK_CAPTURE_AUTORELEASING = YES;
				CLANG_WARN_BOOL_CONVERSION = YES;
				CLANG_WARN_COMMA = YES;
				CLANG_WARN_CONSTANT_CONVERSION = YES;
				CLANG_WARN_DEPRECATED_OBJC_IMPLEMENTATIONS = YES;
				CLANG_WARN_DIRECT_OBJC_ISA_USAGE = YES_ERROR;
				CLANG_WARN_DOCUMENTATION_COMMENTS = YES;
				CLANG_WARN_EMPTY_BODY = YES;
				CLANG_WARN_ENUM_CONVERSION = YES;
				CLANG_WARN_INFINITE_RECURSION = YES;
				CLANG_WARN_INT_CONVERSION = YES;
				CLANG_WARN_NON_LITERAL_NULL_CONVERSION = YES;
				CLANG_WARN_OBJC_IMPLICIT_RETAIN_SELF = YES;
				CLANG_WARN_OBJC_LITERAL_CONVERSION = YES;
				CLANG_WARN_OBJC_ROOT_CLASS = YES_ERROR;
				CLANG_WARN_QUOTED_INCLUDE_IN_FRAMEWORK_HEADER = YES;
				CLANG_WARN_RANGE_LOOP_ANALYSIS = YES;
				CLANG_WARN_STRICT_PROTOTYPES = YES;
				CLANG_WARN_SUSPICIOUS_MOVE = YES;
				CLANG_WARN_UNGUARDED_AVAILABILITY = YES_AGGRESSIVE;
				CLANG_WARN_UNREACHABLE_CODE = YES;
				CLANG_WARN__DUPLICATE_METHOD_MATCH = YES;
				COPY_PHASE_STRIP = NO;
				DEBUG_INFORMATION_FORMAT = dwarf;
				ENABLE_STRICT_OBJC_MSGSEND = YES;
				ENABLE_TESTABILITY = YES;
				GCC_C_LANGUAGE_STANDARD = gnu11;
				GCC_DYNAMIC_NO_PIC = NO;
				GCC_NO_COMMON_BLOCKS = YES;
				GCC_OPTIMIZATION_LEVEL = 0;
				GCC_PREPROCESSOR_DEFINITIONS = (
					"DEBUG=1",
					"$(inherited)",
				);
				GCC_WARN_64_TO_32_BIT_CONVERSION = YES;
				GCC_WARN_ABOUT_RETURN_TYPE = YES_ERROR;
				GCC_WARN_UNDECLARED_SELECTOR = YES;
				GCC_WARN_UNINITIALIZED_AUTOS = YES_AGGRESSIVE;
				GCC_WARN_UNUSED_FUNCTION = YES;
				GCC_WARN_UNUSED_VARIABLE = YES;
				IPHONEOS_DEPLOYMENT_TARGET = 14.5;
				MTL_ENABLE_DEBUG_INFO = INCLUDE_SOURCE;
				MTL_FAST_MATH = YES;
				ONLY_ACTIVE_ARCH = YES;
				SDKROOT = iphoneos;
				SWIFT_ACTIVE_COMPILATION_CONDITIONS = DEBUG;
				SWIFT_OPTIMIZATION_LEVEL = "-Onone";
			};
			name = Debug;
		};
		02E4404426E68FDD0051B4B5 /* Release */ = {
			isa = XCBuildConfiguration;
			buildSettings = {
				ALWAYS_SEARCH_USER_PATHS = NO;
				CLANG_ANALYZER_NONNULL = YES;
				CLANG_ANALYZER_NUMBER_OBJECT_CONVERSION = YES_AGGRESSIVE;
				CLANG_CXX_LANGUAGE_STANDARD = "gnu++14";
				CLANG_CXX_LIBRARY = "libc++";
				CLANG_ENABLE_MODULES = YES;
				CLANG_ENABLE_OBJC_ARC = YES;
				CLANG_ENABLE_OBJC_WEAK = YES;
				CLANG_WARN_BLOCK_CAPTURE_AUTORELEASING = YES;
				CLANG_WARN_BOOL_CONVERSION = YES;
				CLANG_WARN_COMMA = YES;
				CLANG_WARN_CONSTANT_CONVERSION = YES;
				CLANG_WARN_DEPRECATED_OBJC_IMPLEMENTATIONS = YES;
				CLANG_WARN_DIRECT_OBJC_ISA_USAGE = YES_ERROR;
				CLANG_WARN_DOCUMENTATION_COMMENTS = YES;
				CLANG_WARN_EMPTY_BODY = YES;
				CLANG_WARN_ENUM_CONVERSION = YES;
				CLANG_WARN_INFINITE_RECURSION = YES;
				CLANG_WARN_INT_CONVERSION = YES;
				CLANG_WARN_NON_LITERAL_NULL_CONVERSION = YES;
				CLANG_WARN_OBJC_IMPLICIT_RETAIN_SELF = YES;
				CLANG_WARN_OBJC_LITERAL_CONVERSION = YES;
				CLANG_WARN_OBJC_ROOT_CLASS = YES_ERROR;
				CLANG_WARN_QUOTED_INCLUDE_IN_FRAMEWORK_HEADER = YES;
				CLANG_WARN_RANGE_LOOP_ANALYSIS = YES;
				CLANG_WARN_STRICT_PROTOTYPES = YES;
				CLANG_WARN_SUSPICIOUS_MOVE = YES;
				CLANG_WARN_UNGUARDED_AVAILABILITY = YES_AGGRESSIVE;
				CLANG_WARN_UNREACHABLE_CODE = YES;
				CLANG_WARN__DUPLICATE_METHOD_MATCH = YES;
				COPY_PHASE_STRIP = NO;
				DEBUG_INFORMATION_FORMAT = "dwarf-with-dsym";
				ENABLE_NS_ASSERTIONS = NO;
				ENABLE_STRICT_OBJC_MSGSEND = YES;
				GCC_C_LANGUAGE_STANDARD = gnu11;
				GCC_NO_COMMON_BLOCKS = YES;
				GCC_WARN_64_TO_32_BIT_CONVERSION = YES;
				GCC_WARN_ABOUT_RETURN_TYPE = YES_ERROR;
				GCC_WARN_UNDECLARED_SELECTOR = YES;
				GCC_WARN_UNINITIALIZED_AUTOS = YES_AGGRESSIVE;
				GCC_WARN_UNUSED_FUNCTION = YES;
				GCC_WARN_UNUSED_VARIABLE = YES;
				IPHONEOS_DEPLOYMENT_TARGET = 14.5;
				MTL_ENABLE_DEBUG_INFO = NO;
				MTL_FAST_MATH = YES;
				SDKROOT = iphoneos;
				SWIFT_COMPILATION_MODE = wholemodule;
				SWIFT_OPTIMIZATION_LEVEL = "-O";
				VALIDATE_PRODUCT = YES;
			};
			name = Release;
		};
		02E4404626E68FDD0051B4B5 /* Debug */ = {
			isa = XCBuildConfiguration;
			buildSettings = {
				ASSETCATALOG_COMPILER_APPICON_NAME = AppIcon;
				ASSETCATALOG_COMPILER_GLOBAL_ACCENT_COLOR_NAME = AccentColor;
				CODE_SIGN_STYLE = Automatic;
				DEVELOPMENT_ASSET_PATHS = "\"ECommerce/Preview Content\"";
				ENABLE_PREVIEWS = YES;
				INFOPLIST_FILE = ECommerce/Info.plist;
				IPHONEOS_DEPLOYMENT_TARGET = 14.0;
				LD_RUNPATH_SEARCH_PATHS = (
					"$(inherited)",
					"@executable_path/Frameworks",
				);
				PRODUCT_BUNDLE_IDENTIFIER = katiemcb.ECommerce;
				PRODUCT_NAME = "$(TARGET_NAME)";
				SWIFT_VERSION = 5.0;
				TARGETED_DEVICE_FAMILY = "1,2";
			};
			name = Debug;
		};
		02E4404726E68FDD0051B4B5 /* Release */ = {
			isa = XCBuildConfiguration;
			buildSettings = {
				ASSETCATALOG_COMPILER_APPICON_NAME = AppIcon;
				ASSETCATALOG_COMPILER_GLOBAL_ACCENT_COLOR_NAME = AccentColor;
				CODE_SIGN_STYLE = Automatic;
				DEVELOPMENT_ASSET_PATHS = "\"ECommerce/Preview Content\"";
				ENABLE_PREVIEWS = YES;
				INFOPLIST_FILE = ECommerce/Info.plist;
				IPHONEOS_DEPLOYMENT_TARGET = 14.0;
				LD_RUNPATH_SEARCH_PATHS = (
					"$(inherited)",
					"@executable_path/Frameworks",
				);
				PRODUCT_BUNDLE_IDENTIFIER = katiemcb.ECommerce;
				PRODUCT_NAME = "$(TARGET_NAME)";
				SWIFT_VERSION = 5.0;
				TARGETED_DEVICE_FAMILY = "1,2";
			};
			name = Release;
		};
/* End XCBuildConfiguration section */

/* Begin XCConfigurationList section */
		02E4403126E68FD70051B4B5 /* Build configuration list for PBXProject "ECommerce" */ = {
			isa = XCConfigurationList;
			buildConfigurations = (
				02E4404326E68FDD0051B4B5 /* Debug */,
				02E4404426E68FDD0051B4B5 /* Release */,
			);
			defaultConfigurationIsVisible = 0;
			defaultConfigurationName = Release;
		};
		02E4404526E68FDD0051B4B5 /* Build configuration list for PBXNativeTarget "ECommerce" */ = {
			isa = XCConfigurationList;
			buildConfigurations = (
				02E4404626E68FDD0051B4B5 /* Debug */,
				02E4404726E68FDD0051B4B5 /* Release */,
			);
			defaultConfigurationIsVisible = 0;
			defaultConfigurationName = Release;
		};
/* End XCConfigurationList section */
	};
	rootObject = 02E4402E26E68FD70051B4B5 /* Project object */;
}
